{
  "name": "@bygelo/bptk",
  "version": "0.1.0-alpha.0",
  "lockfileVersion": 3,
  "requires": true,
  "packages": {
    "": {
      "name": "@bygelo/bptk",
      "version": "0.1.0-alpha.0",
      "license": "Apache-2.0",
      "bin": {
        "bptk": "bin/bptk.mjs"
      },
      "engines": {
        "node": ">=22"
      }
    }
  }
}
